
Microsoft Visual Studio Solution File, Format Version 12.00
# Visual Studio Version 17
VisualStudioVersion = 17.5.002.0
MinimumVisualStudioVersion = 10.0.40219.1
Project("{9A19103F-16F7-4668-BE54-9A1E7A4F7556}") = "Tp8", "Tp8\Tp8.csproj", "{294C577D-64A4-407A-8150-00F8F5E6B016}"
EndProject
Global
	GlobalSection(SolutionConfigurationPlatforms) = preSolution
		Debug|Any CPU = Debug|Any CPU
		Release|Any CPU = Release|Any CPU
	EndGlobalSection
	GlobalSection(ProjectConfigurationPlatforms) = postSolution
		{294C577D-64A4-407A-8150-00F8F5E6B016}.Debug|Any CPU.ActiveCfg = Debug|Any CPU
		{294C577D-64A4-407A-8150-00F8F5E6B016}.Debug|Any CPU.Build.0 = Debug|Any CPU
		{294C577D-64A4-407A-8150-00F8F5E6B016}.Release|Any CPU.ActiveCfg = Release|Any CPU
		{294C577D-64A4-407A-8150-00F8F5E6B016}.Release|Any CPU.Build.0 = Release|Any CPU
	EndGlobalSection
	GlobalSection(SolutionProperties) = preSolution
		HideSolutionNode = FALSE
	EndGlobalSection
	GlobalSection(ExtensibilityGlobals) = postSolution
		SolutionGuid = {D28B8DC2-FF41-431F-BD12-A1F82FD38427}
	EndGlobalSection
EndGlobal
